{
  "lockfileVersion": 1,
  "configVersion": 1,
  "workspaces": {
    "": {
      "name": "worker",
      "dependencies": {
        "redis": "^6.2.0",
      },
      "devDependencies": {
        "@types/bun": "latest",
      },
      "peerDependencies": {
        "typescript": "^5",
      },
    },
  },
  "packages": {
    "@redis/bloom": ["@redis/bloom@6.2.0", "", { "peerDependencies": { "@redis/client": "^6.2.0" } }, "sha512-ggQvzpeCKnybwUrEiMVVtE1Np4vWnRfpeAaIP2MdZiVw7PHOhJrF4cONVuLRn1TkMi6ehp2OPjTOMK+8XmiQSQ=="],

    "@redis/client": ["@redis/client@6.2.0", "", { "dependencies": { "cluster-key-slot": "1.1.2" }, "peerDependencies": { "@node-rs/xxhash": "^1.1.0", "@opentelemetry/api": ">=1 <2" }, "optionalPeers": ["@node-rs/xxhash", "@opentelemetry/api"] }, "sha512-HHszna68MTBRiDZV3Wo2wANH7Z5v/nuh+ZyCAGBce0PS8tDcg1/yzZ1vqbKbUyTdz1wB54kqZxXrnPwpR8Ivdw=="],

    "@redis/json": ["@redis/json@6.2.0", "", { "peerDependencies": { "@redis/client": "^6.2.0" } }, "sha512-oweO7PfHWYXkgVT88K+Fm3Wx98lKYKAEXaH162gVbw1kmBOBVQHxw0Yjh1p6BYBUIQMHqLyWwYe99eK7/hD1VQ=="],

    "@redis/search": ["@redis/search@6.2.0", "", { "peerDependencies": { "@redis/client": "^6.2.0" } }, "sha512-chLEQfalFW3+uCPE99XoIOZhcQ3eF7S3fGxgiiaPf6MMrOZHEiTvgMnXR4xXZX0yDecyoWjGYlQQKTYag/ZExg=="],

    "@redis/time-series": ["@redis/time-series@6.2.0", "", { "peerDependencies": { "@redis/client": "^6.2.0" } }, "sha512-/H/eE/lnhZLZYpHGpI+ZN7TePb7isEaub8b07oQcTDQptPslVKdUFwNhUm+hQHks781oh+F1Leiip1WHh4HfWw=="],

    "@types/bun": ["@types/bun@1.3.14", "", { "dependencies": { "bun-types": "1.3.14" } }, "sha512-h1hFqFVcvAvD9j9K7ZW7vd82aSA+rTdznZa+5bwvCwqSB1jmmfLcbIWhOLx1/+boy/xmjgCs/OMUL8hRJSmnPw=="],

    "@types/node": ["@types/node@26.1.2", "", { "dependencies": { "undici-types": "~8.3.0" } }, "sha512-Vu4a5UFA9rIIFJ7rB/Vaafh9lrCQszopTCx6KjFboXTGQbPNasehVR5TEiithSDGyd1DEiUByggTZsg8jukeIg=="],

    "bun-types": ["bun-types@1.3.14", "", { "dependencies": { "@types/node": "*" } }, "sha512-4N0ig0fEomHt5R0KCFWjovxow98rIoRwKolrYdCcknNwMekCXRnWEUvgu5soYV8QXtVsrUD8B95MBOZGPvr6KQ=="],

    "cluster-key-slot": ["cluster-key-slot@1.1.2", "", {}, "sha512-RMr0FhtfXemyinomL4hrWcYJxmX6deFdCxpJzhDttxgO1+bcCnkk+9drydLVDmAMG7NE6aN/fl4F7ucU/90gAA=="],

    "redis": ["redis@6.2.0", "", { "dependencies": { "@redis/bloom": "6.2.0", "@redis/client": "6.2.0", "@redis/json": "6.2.0", "@redis/search": "6.2.0", "@redis/time-series": "6.2.0" } }, "sha512-BShYVyT0Gx67CE80xry5XroSSv6Vxr60yKs0HRiBbUc7kHm+bY7gvSDBBgTjuiV/reWKeZWLyA1ebC5z359wRQ=="],

    "typescript": ["typescript@5.9.3", "", { "bin": { "tsc": "bin/tsc", "tsserver": "bin/tsserver" } }, "sha512-jl1vZzPDinLr9eUt3J/t7V6FgNEw9QjvBPdysz9KfQDD41fQrC2Y4vKQdiaUpFT4bXlb1RHhLpp8wtm6M5TgSw=="],

    "undici-types": ["undici-types@8.3.0", "", {}, "sha512-j375ScV60dom+YkPFIfTLcOiPxkN/buHz5GobjLhixFuANaNs3C9l4GmrWqejgXWJ7BbJcFYpTEUkS1Ge8bpZQ=="],
  }
}
